
Microsoft Visual Studio Solution File, Format Version 12.00
# Visual Studio Version 16
VisualStudioVersion = 16.0.29009.5
MinimumVisualStudioVersion = 10.0.40219.1
Project("{2150E333-8FDC-42A3-9474-1A3956D46DE8}") = "Library", "Library", "{466C2E11-B52C-41E2-9ED8-186A57866885}"
EndProject
Project("{2150E333-8FDC-42A3-9474-1A3956D46DE8}") = "Application", "Application", "{FB0D479D-CCCF-489B-BB53-B39E4AD096A3}"
EndProject
Project("{FAE04EC0-301F-11D3-BF4B-00C04F79EFBC}") = "ImportData", "Application\ImportData\ImportData.csproj", "{E0456D91-23E5-4988-98D8-A92422315E51}"
EndProject
Project("{FAE04EC0-301F-11D3-BF4B-00C04F79EFBC}") = "GatTool", "Application\GatTool\GatTool.csproj", "{EC6EFCE4-4DEB-4CD5-8CF8-7C714A99DC8A}"
EndProject
Project("{9A19103F-16F7-4668-BE54-9A1E7A4F7556}") = "ME.Setting", "Library\ME.Setting\ME.Setting.csproj", "{842BFCFC-5832-4B21-9CF0-14BA467F88D8}"
EndProject
Project("{FAE04EC0-301F-11D3-BF4B-00C04F79EFBC}") = "ME.Base.Std", "Library\ME.Base.Std\ME.Base.Std.csproj", "{975F708C-246F-4734-AE9B-B39925966DE9}"
EndProject
Project("{FAE04EC0-301F-11D3-BF4B-00C04F79EFBC}") = "ME.Define.Std", "Library\ME.Define.Std\ME.Define.Std.csproj", "{C7BA0967-230C-4A06-973F-F333D7A14E15}"
EndProject
Project("{FAE04EC0-301F-11D3-BF4B-00C04F79EFBC}") = "ME.Business.Std", "Library\ME.Business.Std\ME.Business.Std.csproj", "{CB556CA7-B96F-4041-B96D-00E16B906878}"
EndProject
Project("{FAE04EC0-301F-11D3-BF4B-00C04F79EFBC}") = "ME.Cahce.Std", "Library\ME.Cahce.Std\ME.Cahce.Std.csproj", "{681BAB9D-A2E5-4675-BC6A-92278FF6F5D5}"
EndProject
Project("{FAE04EC0-301F-11D3-BF4B-00C04F79EFBC}") = "ME.Database.Std", "Library\ME.Database.Std\ME.Database.Std.csproj", "{218A7D0D-0067-43FA-AF80-E2FFA2B91142}"
EndProject
Global
	GlobalSection(SolutionConfigurationPlatforms) = preSolution
		Debug|Any CPU = Debug|Any CPU
		Release|Any CPU = Release|Any CPU
	EndGlobalSection
	GlobalSection(ProjectConfigurationPlatforms) = postSolution
		{E0456D91-23E5-4988-98D8-A92422315E51}.Debug|Any CPU.ActiveCfg = Debug|Any CPU
		{E0456D91-23E5-4988-98D8-A92422315E51}.Debug|Any CPU.Build.0 = Debug|Any CPU
		{E0456D91-23E5-4988-98D8-A92422315E51}.Release|Any CPU.ActiveCfg = Release|Any CPU
		{E0456D91-23E5-4988-98D8-A92422315E51}.Release|Any CPU.Build.0 = Release|Any CPU
		{EC6EFCE4-4DEB-4CD5-8CF8-7C714A99DC8A}.Debug|Any CPU.ActiveCfg = Debug|Any CPU
		{EC6EFCE4-4DEB-4CD5-8CF8-7C714A99DC8A}.Debug|Any CPU.Build.0 = Debug|Any CPU
		{EC6EFCE4-4DEB-4CD5-8CF8-7C714A99DC8A}.Release|Any CPU.ActiveCfg = Release|Any CPU
		{EC6EFCE4-4DEB-4CD5-8CF8-7C714A99DC8A}.Release|Any CPU.Build.0 = Release|Any CPU
		{842BFCFC-5832-4B21-9CF0-14BA467F88D8}.Debug|Any CPU.ActiveCfg = Debug|Any CPU
		{842BFCFC-5832-4B21-9CF0-14BA467F88D8}.Debug|Any CPU.Build.0 = Debug|Any CPU
		{842BFCFC-5832-4B21-9CF0-14BA467F88D8}.Release|Any CPU.ActiveCfg = Release|Any CPU
		{842BFCFC-5832-4B21-9CF0-14BA467F88D8}.Release|Any CPU.Build.0 = Release|Any CPU
		{975F708C-246F-4734-AE9B-B39925966DE9}.Debug|Any CPU.ActiveCfg = Debug|Any CPU
		{975F708C-246F-4734-AE9B-B39925966DE9}.Debug|Any CPU.Build.0 = Debug|Any CPU
		{975F708C-246F-4734-AE9B-B39925966DE9}.Release|Any CPU.ActiveCfg = Release|Any CPU
		{975F708C-246F-4734-AE9B-B39925966DE9}.Release|Any CPU.Build.0 = Release|Any CPU
		{C7BA0967-230C-4A06-973F-F333D7A14E15}.Debug|Any CPU.ActiveCfg = Debug|Any CPU
		{C7BA0967-230C-4A06-973F-F333D7A14E15}.Debug|Any CPU.Build.0 = Debug|Any CPU
		{C7BA0967-230C-4A06-973F-F333D7A14E15}.Release|Any CPU.ActiveCfg = Release|Any CPU
		{C7BA0967-230C-4A06-973F-F333D7A14E15}.Release|Any CPU.Build.0 = Release|Any CPU
		{CB556CA7-B96F-4041-B96D-00E16B906878}.Debug|Any CPU.ActiveCfg = Debug|Any CPU
		{CB556CA7-B96F-4041-B96D-00E16B906878}.Debug|Any CPU.Build.0 = Debug|Any CPU
		{CB556CA7-B96F-4041-B96D-00E16B906878}.Release|Any CPU.ActiveCfg = Release|Any CPU
		{CB556CA7-B96F-4041-B96D-00E16B906878}.Release|Any CPU.Build.0 = Release|Any CPU
		{681BAB9D-A2E5-4675-BC6A-92278FF6F5D5}.Debug|Any CPU.ActiveCfg = Debug|Any CPU
		{681BAB9D-A2E5-4675-BC6A-92278FF6F5D5}.Debug|Any CPU.Build.0 = Debug|Any CPU
		{681BAB9D-A2E5-4675-BC6A-92278FF6F5D5}.Release|Any CPU.ActiveCfg = Release|Any CPU
		{681BAB9D-A2E5-4675-BC6A-92278FF6F5D5}.Release|Any CPU.Build.0 = Release|Any CPU
		{218A7D0D-0067-43FA-AF80-E2FFA2B91142}.Debug|Any CPU.ActiveCfg = Debug|Any CPU
		{218A7D0D-0067-43FA-AF80-E2FFA2B91142}.Debug|Any CPU.Build.0 = Debug|Any CPU
		{218A7D0D-0067-43FA-AF80-E2FFA2B91142}.Release|Any CPU.ActiveCfg = Release|Any CPU
		{218A7D0D-0067-43FA-AF80-E2FFA2B91142}.Release|Any CPU.Build.0 = Release|Any CPU
	EndGlobalSection
	GlobalSection(SolutionProperties) = preSolution
		HideSolutionNode = FALSE
	EndGlobalSection
	GlobalSection(NestedProjects) = preSolution
		{E0456D91-23E5-4988-98D8-A92422315E51} = {FB0D479D-CCCF-489B-BB53-B39E4AD096A3}
		{EC6EFCE4-4DEB-4CD5-8CF8-7C714A99DC8A} = {FB0D479D-CCCF-489B-BB53-B39E4AD096A3}
		{842BFCFC-5832-4B21-9CF0-14BA467F88D8} = {466C2E11-B52C-41E2-9ED8-186A57866885}
		{975F708C-246F-4734-AE9B-B39925966DE9} = {466C2E11-B52C-41E2-9ED8-186A57866885}
		{C7BA0967-230C-4A06-973F-F333D7A14E15} = {466C2E11-B52C-41E2-9ED8-186A57866885}
		{CB556CA7-B96F-4041-B96D-00E16B906878} = {466C2E11-B52C-41E2-9ED8-186A57866885}
		{681BAB9D-A2E5-4675-BC6A-92278FF6F5D5} = {466C2E11-B52C-41E2-9ED8-186A57866885}
		{218A7D0D-0067-43FA-AF80-E2FFA2B91142} = {466C2E11-B52C-41E2-9ED8-186A57866885}
	EndGlobalSection
	GlobalSection(ExtensibilityGlobals) = postSolution
		SolutionGuid = {688FEDB8-4CDE-4152-AEFE-7CE06EE617FF}
	EndGlobalSection
EndGlobal
